
Microsoft Visual Studio Solution File, Format Version 12.00
# Visual Studio Version 16
VisualStudioVersion = 16.0.31702.278
MinimumVisualStudioVersion = 10.0.40219.1
Project("{FAE04EC0-301F-11D3-BF4B-00C04F79EFBC}") = "BookingYacht.API", "BookingYacht.API\BookingYacht.API.csproj", "{A9BFDC84-FF05-44EA-BFD8-6473B782B45D}"
EndProject
Project("{FAE04EC0-301F-11D3-BF4B-00C04F79EFBC}") = "BookingYacht.Business", "BookingYacht.Business\BookingYacht.Business.csproj", "{1D8B2624-ACF1-421C-A61D-1B1F3D094DB9}"
EndProject
Project("{FAE04EC0-301F-11D3-BF4B-00C04F79EFBC}") = "BookingYacht.Data", "BookingYacht.Data\BookingYacht.Data.csproj", "{8A42A40D-9A12-43F4-B175-2B51F05A0634}"
EndProject
Global
	GlobalSection(SolutionConfigurationPlatforms) = preSolution
		Debug|Any CPU = Debug|Any CPU
		Release|Any CPU = Release|Any CPU
	EndGlobalSection
	GlobalSection(ProjectConfigurationPlatforms) = postSolution
		{A9BFDC84-FF05-44EA-BFD8-6473B782B45D}.Debug|Any CPU.ActiveCfg = Debug|Any CPU
		{A9BFDC84-FF05-44EA-BFD8-6473B782B45D}.Debug|Any CPU.Build.0 = Debug|Any CPU
		{A9BFDC84-FF05-44EA-BFD8-6473B782B45D}.Release|Any CPU.ActiveCfg = Release|Any CPU
		{A9BFDC84-FF05-44EA-BFD8-6473B782B45D}.Release|Any CPU.Build.0 = Release|Any CPU
		{1D8B2624-ACF1-421C-A61D-1B1F3D094DB9}.Debug|Any CPU.ActiveCfg = Debug|Any CPU
		{1D8B2624-ACF1-421C-A61D-1B1F3D094DB9}.Debug|Any CPU.Build.0 = Debug|Any CPU
		{1D8B2624-ACF1-421C-A61D-1B1F3D094DB9}.Release|Any CPU.ActiveCfg = Release|Any CPU
		{1D8B2624-ACF1-421C-A61D-1B1F3D094DB9}.Release|Any CPU.Build.0 = Release|Any CPU
		{8A42A40D-9A12-43F4-B175-2B51F05A0634}.Debug|Any CPU.ActiveCfg = Debug|Any CPU
		{8A42A40D-9A12-43F4-B175-2B51F05A0634}.Debug|Any CPU.Build.0 = Debug|Any CPU
		{8A42A40D-9A12-43F4-B175-2B51F05A0634}.Release|Any CPU.ActiveCfg = Release|Any CPU
		{8A42A40D-9A12-43F4-B175-2B51F05A0634}.Release|Any CPU.Build.0 = Release|Any CPU
	EndGlobalSection
	GlobalSection(SolutionProperties) = preSolution
		HideSolutionNode = FALSE
	EndGlobalSection
	GlobalSection(ExtensibilityGlobals) = postSolution
		SolutionGuid = {6C8875F0-0F54-4C5C-B462-D22FE34BCDB1}
	EndGlobalSection
EndGlobal
